<?xml version="1.0" encoding="utf-8"?>
<Project ToolsVersion="4.0" xmlns="http://schemas.microsoft.com/developer/msbuild/2003">
  <ItemGroup>
    <Filter Include="Source Files">
      <UniqueIdentifier>{4FC737F1-C7A5-4376-A066-2A32D752A2FF}</UniqueIdentifier>
      <Extensions>cpp;c;cc;cxx;def;odl;idl;hpj;bat;asm;asmx</Extensions>
    </Filter>
    <Filter Include="Header Files">
      <UniqueIdentifier>{93995380-89BD-4b04-88EB-625FBE52EBFB}</UniqueIdentifier>
      <Extensions>h;hh;hpp;hxx;hm;inl;inc;xsd</Extensions>
    </Filter>
    <Filter Include="Resource Files">
      <UniqueIdentifier>{67DA6AB6-F800-4c08-8B7A-83BB121AAD01}</UniqueIdentifier>
      <Extensions>rc;ico;cur;bmp;dlg;rc2;rct;bin;rgs;gif;jpg;jpeg;jpe;resx;tiff;tif;png;wav;mfcribbon-ms</Extensions>
    </Filter>
    <Filter Include="Source Files\img">
      <UniqueIdentifier>{60ff11bf-cd78-4ddb-9d03-b12375d39064}</UniqueIdentifier>
    </Filter>
  </ItemGroup>
  <ItemGroup>
    <ClCompile Include="Main.cpp">
      <Filter>Source Files</Filter>
    </ClCompile>
  </ItemGroup>
  <ItemGroup>
    <Image Include="img\wdg2.bmp">
      <Filter>Source Files\img</Filter>
    </Image>
    <Image Include="img\lena.jpg">
      <Filter>Source Files\img</Filter>
    </Image>
    <Image Include="img\airfield-05small.tif">
      <Filter>Source Files\img</Filter>
    </Image>
    <Image Include="img\alps-03small.tif">
      <Filter>Source Files\img</Filter>
    </Image>
    <Image Include="img\ape1.bmp">
      <Filter>Source Files\img</Filter>
    </Image>
    <Image Include="img\art2.bmp">
      <Filter>Source Files\img</Filter>
    </Image>
    <Image Include="img\art3.bmp">
      <Filter>Source Files\img</Filter>
    </Image>
    <Image Include="img\art4.bmp">
      <Filter>Source Files\img</Filter>
    </Image>
    <Image Include="img\Bikesgray.jpg">
      <Filter>Source Files\img</Filter>
    </Image>
    <Image Include="img\Calvin.bmp">
      <Filter>Source Files\img</Filter>
    </Image>
    <Image Include="img\Calvin.jpg">
      <Filter>Source Files\img</Filter>
    </Image>
    <Image Include="img\cln1.bmp">
      <Filter>Source Files\img</Filter>
    </Image>
    <Image Include="img\deti.bmp">
      <Filter>Source Files\img</Filter>
    </Image>
    <Image Include="img\deti.jpg">
      <Filter>Source Files\img</Filter>
    </Image>
    <Image Include="img\DETI.png">
      <Filter>Source Files\img</Filter>
    </Image>
    <Image Include="img\DETI_Ruido.png">
      <Filter>Source Files\img</Filter>
    </Image>
    <Image Include="img\fce5noi1.bmp">
      <Filter>Source Files\img</Filter>
    </Image>
    <Image Include="img\fce5noi2.bmp">
      <Filter>Source Files\img</Filter>
    </Image>
    <Image Include="img\fce5noi3.bmp">
      <Filter>Source Files\img</Filter>
    </Image>
    <Image Include="img\fce5noi4.bmp">
      <Filter>Source Files\img</Filter>
    </Image>
    <Image Include="img\fce5noi6.bmp">
      <Filter>Source Files\img</Filter>
    </Image>
    <Image Include="img\Fruits-RGB.tif">
      <Filter>Source Files\img</Filter>
    </Image>
    <Image Include="img\input.png">
      <Filter>Source Files\img</Filter>
    </Image>
    <Image Include="img\ireland-03small.tif">
      <Filter>Source Files\img</Filter>
    </Image>
    <Image Include="img\ireland-06-01.tif">
      <Filter>Source Files\img</Filter>
    </Image>
    <Image Include="img\ireland-06-02.tif">
      <Filter>Source Files\img</Filter>
    </Image>
    <Image Include="img\ireland-06-03.tif">
      <Filter>Source Files\img</Filter>
    </Image>
    <Image Include="img\ireland-06-04.tif">
      <Filter>Source Files\img</Filter>
    </Image>
    <Image Include="img\ireland-06-05.tif">
      <Filter>Source Files\img</Filter>
    </Image>
    <Image Include="img\ireland-06-06.tif">
      <Filter>Source Files\img</Filter>
    </Image>
    <Image Include="img\Lena_Ruido.png">
      <Filter>Source Files\img</Filter>
    </Image>
    <Image Include="img\lena-saltandpepper.tif">
      <Filter>Source Files\img</Filter>
    </Image>
    <Image Include="img\mon1.bmp">
      <Filter>Source Files\img</Filter>
    </Image>
    <Image Include="img\Orchid.bmp">
      <Filter>Source Files\img</Filter>
    </Image>
    <Image Include="img\Orchid.jpg">
      <Filter>Source Files\img</Filter>
    </Image>
    <Image Include="img\pix-jpeg.tif">
      <Filter>Source Files\img</Filter>
    </Image>
    <Image Include="img\pix-orig.tif">
      <Filter>Source Files\img</Filter>
    </Image>
    <Image Include="img\sta2.bmp">
      <Filter>Source Files\img</Filter>
    </Image>
    <Image Include="img\sta2noi1.bmp">
      <Filter>Source Files\img</Filter>
    </Image>
    <Image Include="img\TAC_PULMAO.bmp">
      <Filter>Source Files\img</Filter>
    </Image>
    <Image Include="img\TAC_PULMAO.tif">
      <Filter>Source Files\img</Filter>
    </Image>
    <Image Include="img\tools_2.png">
      <Filter>Source Files\img</Filter>
    </Image>
  </ItemGroup>
</Project>